
Microsoft Visual Studio Solution File, Format Version 12.00
# Visual Studio 15
VisualStudioVersion = 15.0.28010.2026
MinimumVisualStudioVersion = 10.0.40219.1
Project("{FAE04EC0-301F-11D3-BF4B-00C04F79EFBC}") = "math_app", "math_app\math_app.csproj", "{BCADE905-5176-4F72-8C27-BC5A8D86CF4D}"
EndProject
Global
	GlobalSection(SolutionConfigurationPlatforms) = preSolution
		Debug|Any CPU = Debug|Any CPU
		Release|Any CPU = Release|Any CPU
	EndGlobalSection
	GlobalSection(ProjectConfigurationPlatforms) = postSolution
		{BCADE905-5176-4F72-8C27-BC5A8D86CF4D}.Debug|Any CPU.ActiveCfg = Debug|Any CPU
		{BCADE905-5176-4F72-8C27-BC5A8D86CF4D}.Debug|Any CPU.Build.0 = Debug|Any CPU
		{BCADE905-5176-4F72-8C27-BC5A8D86CF4D}.Release|Any CPU.ActiveCfg = Release|Any CPU
		{BCADE905-5176-4F72-8C27-BC5A8D86CF4D}.Release|Any CPU.Build.0 = Release|Any CPU
	EndGlobalSection
	GlobalSection(SolutionProperties) = preSolution
		HideSolutionNode = FALSE
	EndGlobalSection
	GlobalSection(ExtensibilityGlobals) = postSolution
		SolutionGuid = {1B4B0D89-E3C9-4D45-AEE9-BD1A6982BE84}
	EndGlobalSection
EndGlobal
